// !$*UTF8*$!
{
	archiveVersion = 1;
	classes = {
	};
	objectVersion = 56;
	objects = {

/* Begin PBXBuildFile section */
		369618512DCD751B004986F4 /* ProfessorsViewModel.swift in Sources */ = {isa = PBXBuildFile; fileRef = 369618502DCD750B004986F4 /* ProfessorsViewModel.swift */; };
		369618532DCEADC7004986F4 /* ResumeUploadView.swift in Sources */ = {isa = PBXBuildFile; fileRef = 369618522DCEADBC004986F4 /* ResumeUploadView.swift */; };
		369618552DD01744004986F4 /* GoogleService-Info.plist in Resources */ = {isa = PBXBuildFile; fileRef = 369618542DD01744004986F4 /* GoogleService-Info.plist */; };
		369618562DD01744004986F4 /* GoogleService-Info.plist in Resources */ = {isa = PBXBuildFile; fileRef = 369618542DD01744004986F4 /* GoogleService-Info.plist */; };
		369618572DD01744004986F4 /* GoogleService-Info.plist in Resources */ = {isa = PBXBuildFile; fileRef = 369618542DD01744004986F4 /* GoogleService-Info.plist */; };
		3696185A2DD017E3004986F4 /* FirebaseAuth in Frameworks */ = {isa = PBXBuildFile; productRef = 369618592DD017E3004986F4 /* FirebaseAuth */; };
		3696185C2DD017E3004986F4 /* FirebaseFirestore in Frameworks */ = {isa = PBXBuildFile; productRef = 3696185B2DD017E3004986F4 /* FirebaseFirestore */; };
		3696185E2DD01874004986F4 /* AppDelegate.swift in Sources */ = {isa = PBXBuildFile; fileRef = 3696185D2DD0186D004986F4 /* AppDelegate.swift */; };
		369618602DD018F1004986F4 /* FirebaseService.swift in Sources */ = {isa = PBXBuildFile; fileRef = 3696185F2DD018E5004986F4 /* FirebaseService.swift */; };
		369618622DD01928004986F4 /* AuthViewModel.swift in Sources */ = {isa = PBXBuildFile; fileRef = 369618612DD01918004986F4 /* AuthViewModel.swift */; };
		369618642DD0193A004986F4 /* AuthViews.swift in Sources */ = {isa = PBXBuildFile; fileRef = 369618632DD01937004986F4 /* AuthViews.swift */; };
		369618662DD0195D004986F4 /* OutreachViewModel.swift in Sources */ = {isa = PBXBuildFile; fileRef = 369618652DD01957004986F4 /* OutreachViewModel.swift */; };
		369618682DD01970004986F4 /* ProfileView.swift in Sources */ = {isa = PBXBuildFile; fileRef = 369618672DD0196E004986F4 /* ProfileView.swift */; };
		3696186A2DD019AB004986F4 /* FollowUpEmail.swift in Sources */ = {isa = PBXBuildFile; fileRef = 369618692DD019A0004986F4 /* FollowUpEmail.swift */; };
		3696186E2DD0219B004986F4 /* CommonNavigationHeader.swift in Sources */ = {isa = PBXBuildFile; fileRef = 3696186D2DD02196004986F4 /* CommonNavigationHeader.swift */; };
		369618702DD024AC004986F4 /* ProfileButton.swift in Sources */ = {isa = PBXBuildFile; fileRef = 3696186F2DD024A9004986F4 /* ProfileButton.swift */; };
		369618722DD12E88004986F4 /* EnhancedOutreachRecordRow.swift in Sources */ = {isa = PBXBuildFile; fileRef = 369618712DD12E86004986F4 /* EnhancedOutreachRecordRow.swift */; };
		369618742DD13B90004986F4 /* ComposeEmailView.swift in Sources */ = {isa = PBXBuildFile; fileRef = 369618732DD13B88004986F4 /* ComposeEmailView.swift */; };
		36B11BB32DDFF06F007BB1A2 /* SplashView.swift in Sources */ = {isa = PBXBuildFile; fileRef = 36B11BB22DDFF06A007BB1A2 /* SplashView.swift */; };
		36E3E3D22DD91B76007FF139 /* NotificationManager.swift in Sources */ = {isa = PBXBuildFile; fileRef = 36E3E3D12DD91B68007FF139 /* NotificationManager.swift */; };
		E90694052DC8633F00324117 /* ResFinderApp.swift in Sources */ = {isa = PBXBuildFile; fileRef = E90694042DC8633F00324117 /* ResFinderApp.swift */; };
		E90694072DC8633F00324117 /* ContentView.swift in Sources */ = {isa = PBXBuildFile; fileRef = E90694062DC8633F00324117 /* ContentView.swift */; };
		E90694092DC8634100324117 /* Assets.xcassets in Resources */ = {isa = PBXBuildFile; fileRef = E90694082DC8634100324117 /* Assets.xcassets */; };
		E906940C2DC8634100324117 /* Preview Assets.xcassets in Resources */ = {isa = PBXBuildFile; fileRef = E906940B2DC8634100324117 /* Preview Assets.xcassets */; };
		E90694162DC8634100324117 /* ResFinderTests.swift in Sources */ = {isa = PBXBuildFile; fileRef = E90694152DC8634100324117 /* ResFinderTests.swift */; };
		E90694202DC8634100324117 /* ResFinderUITests.swift in Sources */ = {isa = PBXBuildFile; fileRef = E906941F2DC8634100324117 /* ResFinderUITests.swift */; };
		E90694222DC8634100324117 /* ResFinderUITestsLaunchTests.swift in Sources */ = {isa = PBXBuildFile; fileRef = E90694212DC8634100324117 /* ResFinderUITestsLaunchTests.swift */; };
		E90694322DC8676100324117 /* Professor.swift in Sources */ = {isa = PBXBuildFile; fileRef = E90694312DC8676100324117 /* Professor.swift */; };
		E90694342DC867AC00324117 /* APIClient.swift in Sources */ = {isa = PBXBuildFile; fileRef = E90694332DC867AC00324117 /* APIClient.swift */; };
		E90694382DC86ECF00324117 /* ProfessorsListView.swift in Sources */ = {isa = PBXBuildFile; fileRef = E90694372DC86ECF00324117 /* ProfessorsListView.swift */; };
		E906943A2DC875E400324117 /* DetailView.swift in Sources */ = {isa = PBXBuildFile; fileRef = E90694392DC875E400324117 /* DetailView.swift */; };
		E90694542DC92C4800324117 /* OpenRouterService.swift in Sources */ = {isa = PBXBuildFile; fileRef = E90694532DC92C4800324117 /* OpenRouterService.swift */; };
		E90694562DC92EEF00324117 /* ResearchAreasSelectionView.swift in Sources */ = {isa = PBXBuildFile; fileRef = E90694552DC92EEF00324117 /* ResearchAreasSelectionView.swift */; };
		E90694582DC9ADB000324117 /* LandingView.swift in Sources */ = {isa = PBXBuildFile; fileRef = E90694572DC9ADB000324117 /* LandingView.swift */; };
		E973D4A42DD3C8AC00300E7A /* RecommendationViewModel.swift in Sources */ = {isa = PBXBuildFile; fileRef = E973D4A32DD3C88C00300E7A /* RecommendationViewModel.swift */; };
		E973D4A62DD3C8C800300E7A /* RecommendationView.swift in Sources */ = {isa = PBXBuildFile; fileRef = E973D4A52DD3C8C600300E7A /* RecommendationView.swift */; };
		E973D4AE2DDE98FD00300E7A /* AppTheme.swift in Sources */ = {isa = PBXBuildFile; fileRef = E973D4AD2DDE98FC00300E7A /* AppTheme.swift */; };
		E973D4B02DDE991600300E7A /* UIComponents.swift in Sources */ = {isa = PBXBuildFile; fileRef = E973D4AF2DDE991500300E7A /* UIComponents.swift */; };
		E9B05E3C2DE5343000654291 /* Config.swift in Sources */ = {isa = PBXBuildFile; fileRef = E9B05E3B2DE5342E00654291 /* Config.swift */; };
		E9B05E3E2DE53B4100654291 /* Debug.xcconfig in Resources */ = {isa = PBXBuildFile; fileRef = E9B05E3D2DE53B3200654291 /* Debug.xcconfig */; };
		E9B05E402DE53B6F00654291 /* Release.xcconfig in Resources */ = {isa = PBXBuildFile; fileRef = E9B05E3F2DE53B6C00654291 /* Release.xcconfig */; };
/* End PBXBuildFile section */

/* Begin PBXContainerItemProxy section */
		E90694122DC8634100324117 /* PBXContainerItemProxy */ = {
			isa = PBXContainerItemProxy;
			containerPortal = E90693F92DC8633F00324117 /* Project object */;
			proxyType = 1;
			remoteGlobalIDString = E90694002DC8633F00324117;
			remoteInfo = ResFinder;
		};
		E906941C2DC8634100324117 /* PBXContainerItemProxy */ = {
			isa = PBXContainerItemProxy;
			containerPortal = E90693F92DC8633F00324117 /* Project object */;
			proxyType = 1;
			remoteGlobalIDString = E90694002DC8633F00324117;
			remoteInfo = ResFinder;
		};
/* End PBXContainerItemProxy section */

/* Begin PBXFileReference section */
		369618502DCD750B004986F4 /* ProfessorsViewModel.swift */ = {isa = PBXFileReference; lastKnownFileType = sourcecode.swift; path = ProfessorsViewModel.swift; sourceTree = "<group>"; };
		369618522DCEADBC004986F4 /* ResumeUploadView.swift */ = {isa = PBXFileReference; lastKnownFileType = sourcecode.swift; path = ResumeUploadView.swift; sourceTree = "<group>"; };
		369618542DD01744004986F4 /* GoogleService-Info.plist */ = {isa = PBXFileReference; lastKnownFileType = text.plist.xml; path = "GoogleService-Info.plist"; sourceTree = "<group>"; };
		3696185D2DD0186D004986F4 /* AppDelegate.swift */ = {isa = PBXFileReference; lastKnownFileType = sourcecode.swift; path = AppDelegate.swift; sourceTree = "<group>"; };
		3696185F2DD018E5004986F4 /* FirebaseService.swift */ = {isa = PBXFileReference; lastKnownFileType = sourcecode.swift; path = FirebaseService.swift; sourceTree = "<group>"; };
		369618612DD01918004986F4 /* AuthViewModel.swift */ = {isa = PBXFileReference; lastKnownFileType = sourcecode.swift; path = AuthViewModel.swift; sourceTree = "<group>"; };
		369618632DD01937004986F4 /* AuthViews.swift */ = {isa = PBXFileReference; lastKnownFileType = sourcecode.swift; path = AuthViews.swift; sourceTree = "<group>"; };
		369618652DD01957004986F4 /* OutreachViewModel.swift */ = {isa = PBXFileReference; lastKnownFileType = sourcecode.swift; path = OutreachViewModel.swift; sourceTree = "<group>"; };
		369618672DD0196E004986F4 /* ProfileView.swift */ = {isa = PBXFileReference; lastKnownFileType = sourcecode.swift; path = ProfileView.swift; sourceTree = "<group>"; };
		369618692DD019A0004986F4 /* FollowUpEmail.swift */ = {isa = PBXFileReference; lastKnownFileType = sourcecode.swift; path = FollowUpEmail.swift; sourceTree = "<group>"; };
		3696186D2DD02196004986F4 /* CommonNavigationHeader.swift */ = {isa = PBXFileReference; lastKnownFileType = sourcecode.swift; path = CommonNavigationHeader.swift; sourceTree = "<group>"; };
		3696186F2DD024A9004986F4 /* ProfileButton.swift */ = {isa = PBXFileReference; lastKnownFileType = sourcecode.swift; path = ProfileButton.swift; sourceTree = "<group>"; };
		369618712DD12E86004986F4 /* EnhancedOutreachRecordRow.swift */ = {isa = PBXFileReference; lastKnownFileType = sourcecode.swift; path = EnhancedOutreachRecordRow.swift; sourceTree = "<group>"; };
		369618732DD13B88004986F4 /* ComposeEmailView.swift */ = {isa = PBXFileReference; lastKnownFileType = sourcecode.swift; path = ComposeEmailView.swift; sourceTree = "<group>"; };
		36B11BB22DDFF06A007BB1A2 /* SplashView.swift */ = {isa = PBXFileReference; lastKnownFileType = sourcecode.swift; path = SplashView.swift; sourceTree = "<group>"; };
		36E3E3D12DD91B68007FF139 /* NotificationManager.swift */ = {isa = PBXFileReference; lastKnownFileType = sourcecode.swift; path = NotificationManager.swift; sourceTree = "<group>"; };
		E90694012DC8633F00324117 /* ResFinder.app */ = {isa = PBXFileReference; explicitFileType = wrapper.application; includeInIndex = 0; path = ResFinder.app; sourceTree = BUILT_PRODUCTS_DIR; };
		E90694042DC8633F00324117 /* ResFinderApp.swift */ = {isa = PBXFileReference; lastKnownFileType = sourcecode.swift; path = ResFinderApp.swift; sourceTree = "<group>"; };
		E90694062DC8633F00324117 /* ContentView.swift */ = {isa = PBXFileReference; lastKnownFileType = sourcecode.swift; path = ContentView.swift; sourceTree = "<group>"; };
		E90694082DC8634100324117 /* Assets.xcassets */ = {isa = PBXFileReference; lastKnownFileType = folder.assetcatalog; path = Assets.xcassets; sourceTree = "<group>"; };
		E906940B2DC8634100324117 /* Preview Assets.xcassets */ = {isa = PBXFileReference; lastKnownFileType = folder.assetcatalog; path = "Preview Assets.xcassets"; sourceTree = "<group>"; };
		E90694112DC8634100324117 /* ResFinderTests.xctest */ = {isa = PBXFileReference; explicitFileType = wrapper.cfbundle; includeInIndex = 0; path = ResFinderTests.xctest; sourceTree = BUILT_PRODUCTS_DIR; };
		E90694152DC8634100324117 /* ResFinderTests.swift */ = {isa = PBXFileReference; lastKnownFileType = sourcecode.swift; path = ResFinderTests.swift; sourceTree = "<group>"; };
		E906941B2DC8634100324117 /* ResFinderUITests.xctest */ = {isa = PBXFileReference; explicitFileType = wrapper.cfbundle; includeInIndex = 0; path = ResFinderUITests.xctest; sourceTree = BUILT_PRODUCTS_DIR; };
		E906941F2DC8634100324117 /* ResFinderUITests.swift */ = {isa = PBXFileReference; lastKnownFileType = sourcecode.swift; path = ResFinderUITests.swift; sourceTree = "<group>"; };
		E90694212DC8634100324117 /* ResFinderUITestsLaunchTests.swift */ = {isa = PBXFileReference; lastKnownFileType = sourcecode.swift; path = ResFinderUITestsLaunchTests.swift; sourceTree = "<group>"; };
		E906942E2DC866C400324117 /* Info.plist */ = {isa = PBXFileReference; lastKnownFileType = text.plist; path = Info.plist; sourceTree = "<group>"; };
		E90694312DC8676100324117 /* Professor.swift */ = {isa = PBXFileReference; lastKnownFileType = sourcecode.swift; path = Professor.swift; sourceTree = "<group>"; };
		E90694332DC867AC00324117 /* APIClient.swift */ = {isa = PBXFileReference; lastKnownFileType = sourcecode.swift; path = APIClient.swift; sourceTree = "<group>"; };
		E90694372DC86ECF00324117 /* ProfessorsListView.swift */ = {isa = PBXFileReference; lastKnownFileType = sourcecode.swift; path = ProfessorsListView.swift; sourceTree = "<group>"; };
		E90694392DC875E400324117 /* DetailView.swift */ = {isa = PBXFileReference; lastKnownFileType = sourcecode.swift; path = DetailView.swift; sourceTree = "<group>"; };
		E90694532DC92C4800324117 /* OpenRouterService.swift */ = {isa = PBXFileReference; lastKnownFileType = sourcecode.swift; path = OpenRouterService.swift; sourceTree = "<group>"; };
		E90694552DC92EEF00324117 /* ResearchAreasSelectionView.swift */ = {isa = PBXFileReference; lastKnownFileType = sourcecode.swift; path = ResearchAreasSelectionView.swift; sourceTree = "<group>"; };
		E90694572DC9ADB000324117 /* LandingView.swift */ = {isa = PBXFileReference; lastKnownFileType = sourcecode.swift; path = LandingView.swift; sourceTree = "<group>"; };
		E973D4A32DD3C88C00300E7A /* RecommendationViewModel.swift */ = {isa = PBXFileReference; lastKnownFileType = sourcecode.swift; path = RecommendationViewModel.swift; sourceTree = "<group>"; };
		E973D4A52DD3C8C600300E7A /* RecommendationView.swift */ = {isa = PBXFileReference; lastKnownFileType = sourcecode.swift; path = RecommendationView.swift; sourceTree = "<group>"; };
		E973D4AD2DDE98FC00300E7A /* AppTheme.swift */ = {isa = PBXFileReference; lastKnownFileType = sourcecode.swift; path = AppTheme.swift; sourceTree = "<group>"; };
		E973D4AF2DDE991500300E7A /* UIComponents.swift */ = {isa = PBXFileReference; lastKnownFileType = sourcecode.swift; path = UIComponents.swift; sourceTree = "<group>"; };
		E9B05E3B2DE5342E00654291 /* Config.swift */ = {isa = PBXFileReference; lastKnownFileType = sourcecode.swift; path = Config.swift; sourceTree = "<group>"; };
		E9B05E3D2DE53B3200654291 /* Debug.xcconfig */ = {isa = PBXFileReference; lastKnownFileType = text.xcconfig; path = Debug.xcconfig; sourceTree = "<group>"; };
		E9B05E3F2DE53B6C00654291 /* Release.xcconfig */ = {isa = PBXFileReference; lastKnownFileType = text.xcconfig; path = Release.xcconfig; sourceTree = "<group>"; };
		E9CAF6722DE5489500A43840 /* ResFinder.entitlements */ = {isa = PBXFileReference; lastKnownFileType = text.plist.entitlements; path = ResFinder.entitlements; sourceTree = "<group>"; };
/* End PBXFileReference section */

/* Begin PBXFrameworksBuildPhase section */
		E90693FE2DC8633F00324117 /* Frameworks */ = {
			isa = PBXFrameworksBuildPhase;
			buildActionMask = 2147483647;
			files = (
				3696185A2DD017E3004986F4 /* FirebaseAuth in Frameworks */,
				3696185C2DD017E3004986F4 /* FirebaseFirestore in Frameworks */,
			);
			runOnlyForDeploymentPostprocessing = 0;
		};
		E906940E2DC8634100324117 /* Frameworks */ = {
			isa = PBXFrameworksBuildPhase;
			buildActionMask = 2147483647;
			files = (
			);
			runOnlyForDeploymentPostprocessing = 0;
		};
		E90694182DC8634100324117 /* Frameworks */ = {
			isa = PBXFrameworksBuildPhase;
			buildActionMask = 2147483647;
			files = (
			);
			runOnlyForDeploymentPostprocessing = 0;
		};
/* End PBXFrameworksBuildPhase section */

/* Begin PBXGroup section */
		E90693F82DC8633F00324117 = {
			isa = PBXGroup;
			children = (
				E90694032DC8633F00324117 /* ResFinder */,
				E90694142DC8634100324117 /* ResFinderTests */,
				E906941E2DC8634100324117 /* ResFinderUITests */,
				E90694022DC8633F00324117 /* Products */,
			);
			sourceTree = "<group>";
		};
		E90694022DC8633F00324117 /* Products */ = {
			isa = PBXGroup;
			children = (
				E90694012DC8633F00324117 /* ResFinder.app */,
				E90694112DC8634100324117 /* ResFinderTests.xctest */,
				E906941B2DC8634100324117 /* ResFinderUITests.xctest */,
			);
			name = Products;
			sourceTree = "<group>";
		};
		E90694032DC8633F00324117 /* ResFinder */ = {
			isa = PBXGroup;
			children = (
				E9CAF6722DE5489500A43840 /* ResFinder.entitlements */,
				E9B05E3D2DE53B3200654291 /* Debug.xcconfig */,
				E9B05E3F2DE53B6C00654291 /* Release.xcconfig */,
				E906942E2DC866C400324117 /* Info.plist */,
				369618542DD01744004986F4 /* GoogleService-Info.plist */,
				E9B05E3B2DE5342E00654291 /* Config.swift */,
				3696185D2DD0186D004986F4 /* AppDelegate.swift */,
				36B11BB22DDFF06A007BB1A2 /* SplashView.swift */,
				E973D4AD2DDE98FC00300E7A /* AppTheme.swift */,
				E973D4AF2DDE991500300E7A /* UIComponents.swift */,
				E90694572DC9ADB000324117 /* LandingView.swift */,
				369618632DD01937004986F4 /* AuthViews.swift */,
				369618522DCEADBC004986F4 /* ResumeUploadView.swift */,
				E90694062DC8633F00324117 /* ContentView.swift */,
				369618672DD0196E004986F4 /* ProfileView.swift */,
				369618692DD019A0004986F4 /* FollowUpEmail.swift */,
				E973D4A52DD3C8C600300E7A /* RecommendationView.swift */,
				E973D4A32DD3C88C00300E7A /* RecommendationViewModel.swift */,
				36E3E3D12DD91B68007FF139 /* NotificationManager.swift */,
				3696185F2DD018E5004986F4 /* FirebaseService.swift */,
				3696186D2DD02196004986F4 /* CommonNavigationHeader.swift */,
				3696186F2DD024A9004986F4 /* ProfileButton.swift */,
				E90694042DC8633F00324117 /* ResFinderApp.swift */,
				369618612DD01918004986F4 /* AuthViewModel.swift */,
				369618652DD01957004986F4 /* OutreachViewModel.swift */,
				369618712DD12E86004986F4 /* EnhancedOutreachRecordRow.swift */,
				E90694552DC92EEF00324117 /* ResearchAreasSelectionView.swift */,
				E90694372DC86ECF00324117 /* ProfessorsListView.swift */,
				369618732DD13B88004986F4 /* ComposeEmailView.swift */,
				E90694532DC92C4800324117 /* OpenRouterService.swift */,
				E90694392DC875E400324117 /* DetailView.swift */,
				E90694332DC867AC00324117 /* APIClient.swift */,
				369618502DCD750B004986F4 /* ProfessorsViewModel.swift */,
				E90694312DC8676100324117 /* Professor.swift */,
				E90694082DC8634100324117 /* Assets.xcassets */,
				E906940A2DC8634100324117 /* Preview Content */,
			);
			path = ResFinder;
			sourceTree = "<group>";
		};
		E906940A2DC8634100324117 /* Preview Content */ = {
			isa = PBXGroup;
			children = (
				E906940B2DC8634100324117 /* Preview Assets.xcassets */,
			);
			path = "Preview Content";
			sourceTree = "<group>";
		};
		E90694142DC8634100324117 /* ResFinderTests */ = {
			isa = PBXGroup;
			children = (
				E90694152DC8634100324117 /* ResFinderTests.swift */,
			);
			path = ResFinderTests;
			sourceTree = "<group>";
		};
		E906941E2DC8634100324117 /* ResFinderUITests */ = {
			isa = PBXGroup;
			children = (
				E906941F2DC8634100324117 /* ResFinderUITests.swift */,
				E90694212DC8634100324117 /* ResFinderUITestsLaunchTests.swift */,
			);
			path = ResFinderUITests;
			sourceTree = "<group>";
		};
/* End PBXGroup section */

/* Begin PBXNativeTarget section */
		E90694002DC8633F00324117 /* ResFinder */ = {
			isa = PBXNativeTarget;
			buildConfigurationList = E90694252DC8634100324117 /* Build configuration list for PBXNativeTarget "ResFinder" */;
			buildPhases = (
				E90693FD2DC8633F00324117 /* Sources */,
				E90693FE2DC8633F00324117 /* Frameworks */,
				E90693FF2DC8633F00324117 /* Resources */,
			);
			buildRules = (
			);
			dependencies = (
			);
			name = ResFinder;
			packageProductDependencies = (
				369618592DD017E3004986F4 /* FirebaseAuth */,
				3696185B2DD017E3004986F4 /* FirebaseFirestore */,
			);
			productName = ResFinder;
			productReference = E90694012DC8633F00324117 /* ResFinder.app */;
			productType = "com.apple.product-type.application";
		};
		E90694102DC8634100324117 /* ResFinderTests */ = {
			isa = PBXNativeTarget;
			buildConfigurationList = E90694282DC8634100324117 /* Build configuration list for PBXNativeTarget "ResFinderTests" */;
			buildPhases = (
				E906940D2DC8634100324117 /* Sources */,
				E906940E2DC8634100324117 /* Frameworks */,
				E906940F2DC8634100324117 /* Resources */,
			);
			buildRules = (
			);
			dependencies = (
				E90694132DC8634100324117 /* PBXTargetDependency */,
			);
			name = ResFinderTests;
			productName = ResFinderTests;
			productReference = E90694112DC8634100324117 /* ResFinderTests.xctest */;
			productType = "com.apple.product-type.bundle.unit-test";
		};
		E906941A2DC8634100324117 /* ResFinderUITests */ = {
			isa = PBXNativeTarget;
			buildConfigurationList = E906942B2DC8634100324117 /* Build configuration list for PBXNativeTarget "ResFinderUITests" */;
			buildPhases = (
				E90694172DC8634100324117 /* Sources */,
				E90694182DC8634100324117 /* Frameworks */,
				E90694192DC8634100324117 /* Resources */,
			);
			buildRules = (
			);
			dependencies = (
				E906941D2DC8634100324117 /* PBXTargetDependency */,
			);
			name = ResFinderUITests;
			productName = ResFinderUITests;
			productReference = E906941B2DC8634100324117 /* ResFinderUITests.xctest */;
			productType = "com.apple.product-type.bundle.ui-testing";
		};
/* End PBXNativeTarget section */

/* Begin PBXProject section */
		E90693F92DC8633F00324117 /* Project object */ = {
			isa = PBXProject;
			attributes = {
				BuildIndependentTargetsInParallel = 1;
				LastSwiftUpdateCheck = 1520;
				LastUpgradeCheck = 1520;
				TargetAttributes = {
					E90694002DC8633F00324117 = {
						CreatedOnToolsVersion = 15.2;
					};
					E90694102DC8634100324117 = {
						CreatedOnToolsVersion = 15.2;
						TestTargetID = E90694002DC8633F00324117;
					};
					E906941A2DC8634100324117 = {
						CreatedOnToolsVersion = 15.2;
						TestTargetID = E90694002DC8633F00324117;
					};
				};
			};
			buildConfigurationList = E90693FC2DC8633F00324117 /* Build configuration list for PBXProject "ResFinder" */;
			compatibilityVersion = "Xcode 14.0";
			developmentRegion = en;
			hasScannedForEncodings = 0;
			knownRegions = (
				en,
				Base,
			);
			mainGroup = E90693F82DC8633F00324117;
			packageReferences = (
				369618582DD017E3004986F4 /* XCRemoteSwiftPackageReference "firebase-ios-sdk" */,
			);
			productRefGroup = E90694022DC8633F00324117 /* Products */;
			projectDirPath = "";
			projectRoot = "";
			targets = (
				E90694002DC8633F00324117 /* ResFinder */,
				E90694102DC8634100324117 /* ResFinderTests */,
				E906941A2DC8634100324117 /* ResFinderUITests */,
			);
		};
/* End PBXProject section */

/* Begin PBXResourcesBuildPhase section */
		E90693FF2DC8633F00324117 /* Resources */ = {
			isa = PBXResourcesBuildPhase;
			buildActionMask = 2147483647;
			files = (
				E9B05E3E2DE53B4100654291 /* Debug.xcconfig in Resources */,
				E906940C2DC8634100324117 /* Preview Assets.xcassets in Resources */,
				E90694092DC8634100324117 /* Assets.xcassets in Resources */,
				369618562DD01744004986F4 /* GoogleService-Info.plist in Resources */,
				E9B05E402DE53B6F00654291 /* Release.xcconfig in Resources */,
			);
			runOnlyForDeploymentPostprocessing = 0;
		};
		E906940F2DC8634100324117 /* Resources */ = {
			isa = PBXResourcesBuildPhase;
			buildActionMask = 2147483647;
			files = (
				369618552DD01744004986F4 /* GoogleService-Info.plist in Resources */,
			);
			runOnlyForDeploymentPostprocessing = 0;
		};
		E90694192DC8634100324117 /* Resources */ = {
			isa = PBXResourcesBuildPhase;
			buildActionMask = 2147483647;
			files = (
				369618572DD01744004986F4 /* GoogleService-Info.plist in Resources */,
			);
			runOnlyForDeploymentPostprocessing = 0;
		};
/* End PBXResourcesBuildPhase section */

/* Begin PBXSourcesBuildPhase section */
		E90693FD2DC8633F00324117 /* Sources */ = {
			isa = PBXSourcesBuildPhase;
			buildActionMask = 2147483647;
			files = (
				369618722DD12E88004986F4 /* EnhancedOutreachRecordRow.swift in Sources */,
				E90694382DC86ECF00324117 /* ProfessorsListView.swift in Sources */,
				E906943A2DC875E400324117 /* DetailView.swift in Sources */,
				E973D4AE2DDE98FD00300E7A /* AppTheme.swift in Sources */,
				369618702DD024AC004986F4 /* ProfileButton.swift in Sources */,
				E90694072DC8633F00324117 /* ContentView.swift in Sources */,
				369618602DD018F1004986F4 /* FirebaseService.swift in Sources */,
				369618622DD01928004986F4 /* AuthViewModel.swift in Sources */,
				369618662DD0195D004986F4 /* OutreachViewModel.swift in Sources */,
				369618742DD13B90004986F4 /* ComposeEmailView.swift in Sources */,
				E90694322DC8676100324117 /* Professor.swift in Sources */,
				E973D4A42DD3C8AC00300E7A /* RecommendationViewModel.swift in Sources */,
				E973D4A62DD3C8C800300E7A /* RecommendationView.swift in Sources */,
				3696186A2DD019AB004986F4 /* FollowUpEmail.swift in Sources */,
				E90694562DC92EEF00324117 /* ResearchAreasSelectionView.swift in Sources */,
				369618532DCEADC7004986F4 /* ResumeUploadView.swift in Sources */,
				369618682DD01970004986F4 /* ProfileView.swift in Sources */,
				E90694582DC9ADB000324117 /* LandingView.swift in Sources */,
				369618642DD0193A004986F4 /* AuthViews.swift in Sources */,
				E973D4B02DDE991600300E7A /* UIComponents.swift in Sources */,
				3696185E2DD01874004986F4 /* AppDelegate.swift in Sources */,
				E90694052DC8633F00324117 /* ResFinderApp.swift in Sources */,
				E9B05E3C2DE5343000654291 /* Config.swift in Sources */,
				E90694542DC92C4800324117 /* OpenRouterService.swift in Sources */,
				3696186E2DD0219B004986F4 /* CommonNavigationHeader.swift in Sources */,
				36E3E3D22DD91B76007FF139 /* NotificationManager.swift in Sources */,
				369618512DCD751B004986F4 /* ProfessorsViewModel.swift in Sources */,
				36B11BB32DDFF06F007BB1A2 /* SplashView.swift in Sources */,
				E90694342DC867AC00324117 /* APIClient.swift in Sources */,
			);
			runOnlyForDeploymentPostprocessing = 0;
		};
		E906940D2DC8634100324117 /* Sources */ = {
			isa = PBXSourcesBuildPhase;
			buildActionMask = 2147483647;
			files = (
				E90694162DC8634100324117 /* ResFinderTests.swift in Sources */,
			);
			runOnlyForDeploymentPostprocessing = 0;
		};
		E90694172DC8634100324117 /* Sources */ = {
			isa = PBXSourcesBuildPhase;
			buildActionMask = 2147483647;
			files = (
				E90694202DC8634100324117 /* ResFinderUITests.swift in Sources */,
				E90694222DC8634100324117 /* ResFinderUITestsLaunchTests.swift in Sources */,
			);
			runOnlyForDeploymentPostprocessing = 0;
		};
/* End PBXSourcesBuildPhase section */

/* Begin PBXTargetDependency section */
		E90694132DC8634100324117 /* PBXTargetDependency */ = {
			isa = PBXTargetDependency;
			target = E90694002DC8633F00324117 /* ResFinder */;
			targetProxy = E90694122DC8634100324117 /* PBXContainerItemProxy */;
		};
		E906941D2DC8634100324117 /* PBXTargetDependency */ = {
			isa = PBXTargetDependency;
			target = E90694002DC8633F00324117 /* ResFinder */;
			targetProxy = E906941C2DC8634100324117 /* PBXContainerItemProxy */;
		};
/* End PBXTargetDependency section */

/* Begin XCBuildConfiguration section */
		E90694232DC8634100324117 /* Debug */ = {
			isa = XCBuildConfiguration;
			buildSettings = {
				ALWAYS_SEARCH_USER_PATHS = NO;
				ASSETCATALOG_COMPILER_GENERATE_SWIFT_ASSET_SYMBOL_EXTENSIONS = YES;
				CLANG_ANALYZER_NONNULL = YES;
				CLANG_ANALYZER_NUMBER_OBJECT_CONVERSION = YES_AGGRESSIVE;
				CLANG_CXX_LANGUAGE_STANDARD = "gnu++20";
				CLANG_ENABLE_MODULES = YES;
				CLANG_ENABLE_OBJC_ARC = YES;
				CLANG_ENABLE_OBJC_WEAK = YES;
				CLANG_WARN_BLOCK_CAPTURE_AUTORELEASING = YES;
				CLANG_WARN_BOOL_CONVERSION = YES;
				CLANG_WARN_COMMA = YES;
				CLANG_WARN_CONSTANT_CONVERSION = YES;
				CLANG_WARN_DEPRECATED_OBJC_IMPLEMENTATIONS = YES;
				CLANG_WARN_DIRECT_OBJC_ISA_USAGE = YES_ERROR;
				CLANG_WARN_DOCUMENTATION_COMMENTS = YES;
				CLANG_WARN_EMPTY_BODY = YES;
				CLANG_WARN_ENUM_CONVERSION = YES;
				CLANG_WARN_INFINITE_RECURSION = YES;
				CLANG_WARN_INT_CONVERSION = YES;
				CLANG_WARN_NON_LITERAL_NULL_CONVERSION = YES;
				CLANG_WARN_OBJC_IMPLICIT_RETAIN_SELF = YES;
				CLANG_WARN_OBJC_LITERAL_CONVERSION = YES;
				CLANG_WARN_OBJC_ROOT_CLASS = YES_ERROR;
				CLANG_WARN_QUOTED_INCLUDE_IN_FRAMEWORK_HEADER = YES;
				CLANG_WARN_RANGE_LOOP_ANALYSIS = YES;
				CLANG_WARN_STRICT_PROTOTYPES = YES;
				CLANG_WARN_SUSPICIOUS_MOVE = YES;
				CLANG_WARN_UNGUARDED_AVAILABILITY = YES_AGGRESSIVE;
				CLANG_WARN_UNREACHABLE_CODE = YES;
				CLANG_WARN__DUPLICATE_METHOD_MATCH = YES;
				COPY_PHASE_STRIP = NO;
				DEBUG_INFORMATION_FORMAT = dwarf;
				ENABLE_STRICT_OBJC_MSGSEND = YES;
				ENABLE_TESTABILITY = YES;
				ENABLE_USER_SCRIPT_SANDBOXING = YES;
				GCC_C_LANGUAGE_STANDARD = gnu17;
				GCC_DYNAMIC_NO_PIC = NO;
				GCC_NO_COMMON_BLOCKS = YES;
				GCC_OPTIMIZATION_LEVEL = 0;
				GCC_PREPROCESSOR_DEFINITIONS = (
					"DEBUG=1",
					"$(inherited)",
				);
				GCC_WARN_64_TO_32_BIT_CONVERSION = YES;
				GCC_WARN_ABOUT_RETURN_TYPE = YES_ERROR;
				GCC_WARN_UNDECLARED_SELECTOR = YES;
				GCC_WARN_UNINITIALIZED_AUTOS = YES_AGGRESSIVE;
				GCC_WARN_UNUSED_FUNCTION = YES;
				GCC_WARN_UNUSED_VARIABLE = YES;
				IPHONEOS_DEPLOYMENT_TARGET = 17.2;
				LOCALIZATION_PREFERS_STRING_CATALOGS = YES;
				MTL_ENABLE_DEBUG_INFO = INCLUDE_SOURCE;
				MTL_FAST_MATH = YES;
				ONLY_ACTIVE_ARCH = YES;
				SDKROOT = iphoneos;
				SWIFT_ACTIVE_COMPILATION_CONDITIONS = "DEBUG $(inherited)";
				SWIFT_OPTIMIZATION_LEVEL = "-Onone";
			};
			name = Debug;
		};
		E90694242DC8634100324117 /* Release */ = {
			isa = XCBuildConfiguration;
			buildSettings = {
				ALWAYS_SEARCH_USER_PATHS = NO;
				ASSETCATALOG_COMPILER_GENERATE_SWIFT_ASSET_SYMBOL_EXTENSIONS = YES;
				CLANG_ANALYZER_NONNULL = YES;
				CLANG_ANALYZER_NUMBER_OBJECT_CONVERSION = YES_AGGRESSIVE;
				CLANG_CXX_LANGUAGE_STANDARD = "gnu++20";
				CLANG_ENABLE_MODULES = YES;
				CLANG_ENABLE_OBJC_ARC = YES;
				CLANG_ENABLE_OBJC_WEAK = YES;
				CLANG_WARN_BLOCK_CAPTURE_AUTORELEASING = YES;
				CLANG_WARN_BOOL_CONVERSION = YES;
				CLANG_WARN_COMMA = YES;
				CLANG_WARN_CONSTANT_CONVERSION = YES;
				CLANG_WARN_DEPRECATED_OBJC_IMPLEMENTATIONS = YES;
				CLANG_WARN_DIRECT_OBJC_ISA_USAGE = YES_ERROR;
				CLANG_WARN_DOCUMENTATION_COMMENTS = YES;
				CLANG_WARN_EMPTY_BODY = YES;
				CLANG_WARN_ENUM_CONVERSION = YES;
				CLANG_WARN_INFINITE_RECURSION = YES;
				CLANG_WARN_INT_CONVERSION = YES;
				CLANG_WARN_NON_LITERAL_NULL_CONVERSION = YES;
				CLANG_WARN_OBJC_IMPLICIT_RETAIN_SELF = YES;
				CLANG_WARN_OBJC_LITERAL_CONVERSION = YES;
				CLANG_WARN_OBJC_ROOT_CLASS = YES_ERROR;
				CLANG_WARN_QUOTED_INCLUDE_IN_FRAMEWORK_HEADER = YES;
				CLANG_WARN_RANGE_LOOP_ANALYSIS = YES;
				CLANG_WARN_STRICT_PROTOTYPES = YES;
				CLANG_WARN_SUSPICIOUS_MOVE = YES;
				CLANG_WARN_UNGUARDED_AVAILABILITY = YES_AGGRESSIVE;
				CLANG_WARN_UNREACHABLE_CODE = YES;
				CLANG_WARN__DUPLICATE_METHOD_MATCH = YES;
				COPY_PHASE_STRIP = NO;
				DEBUG_INFORMATION_FORMAT = "dwarf-with-dsym";
				ENABLE_NS_ASSERTIONS = NO;
				ENABLE_STRICT_OBJC_MSGSEND = YES;
				ENABLE_USER_SCRIPT_SANDBOXING = YES;
				GCC_C_LANGUAGE_STANDARD = gnu17;
				GCC_NO_COMMON_BLOCKS = YES;
				GCC_WARN_64_TO_32_BIT_CONVERSION = YES;
				GCC_WARN_ABOUT_RETURN_TYPE = YES_ERROR;
				GCC_WARN_UNDECLARED_SELECTOR = YES;
				GCC_WARN_UNINITIALIZED_AUTOS = YES_AGGRESSIVE;
				GCC_WARN_UNUSED_FUNCTION = YES;
				GCC_WARN_UNUSED_VARIABLE = YES;
				IPHONEOS_DEPLOYMENT_TARGET = 17.2;
				LOCALIZATION_PREFERS_STRING_CATALOGS = YES;
				MTL_ENABLE_DEBUG_INFO = NO;
				MTL_FAST_MATH = YES;
				SDKROOT = iphoneos;
				SWIFT_COMPILATION_MODE = wholemodule;
				VALIDATE_PRODUCT = YES;
			};
			name = Release;
		};
		E90694262DC8634100324117 /* Debug */ = {
			isa = XCBuildConfiguration;
			baseConfigurationReference = E9B05E3D2DE53B3200654291 /* Debug.xcconfig */;
			buildSettings = {
				ASSETCATALOG_COMPILER_APPICON_NAME = "AppIcon 1";
				ASSETCATALOG_COMPILER_GLOBAL_ACCENT_COLOR_NAME = AccentColor;
				CODE_SIGN_ENTITLEMENTS = ResFinder/ResFinder.entitlements;
				CODE_SIGN_STYLE = Automatic;
				CURRENT_PROJECT_VERSION = 1;
				DEVELOPMENT_ASSET_PATHS = "\"ResFinder/Preview Content\"";
				DEVELOPMENT_TEAM = 767Z953J7F;
				ENABLE_PREVIEWS = YES;
				GENERATE_INFOPLIST_FILE = YES;
				INFOPLIST_FILE = ResFinder/Info.plist;
				INFOPLIST_KEY_UIApplicationSceneManifest_Generation = YES;
				INFOPLIST_KEY_UIApplicationSupportsIndirectInputEvents = YES;
				INFOPLIST_KEY_UILaunchScreen_Generation = YES;
				INFOPLIST_KEY_UISupportedInterfaceOrientations_iPad = "UIInterfaceOrientationPortrait UIInterfaceOrientationPortraitUpsideDown UIInterfaceOrientationLandscapeLeft UIInterfaceOrientationLandscapeRight";
				INFOPLIST_KEY_UISupportedInterfaceOrientations_iPhone = "UIInterfaceOrientationPortrait UIInterfaceOrientationLandscapeLeft UIInterfaceOrientationLandscapeRight";
				IPHONEOS_DEPLOYMENT_TARGET = 17.6;
				LD_RUNPATH_SEARCH_PATHS = (
					"$(inherited)",
					"@executable_path/Frameworks",
				);
				MARKETING_VERSION = 1.0;
				OPENROUTER_KEY = "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";
				"OTHER_SWIFT_FLAGS[arch=*]" = "-enable-experimental-feature AccessLevelOnImport";
				PRODUCT_BUNDLE_IDENTIFIER = com.emailrun2.ResFinder;
				PRODUCT_NAME = "$(TARGET_NAME)";
				SWIFT_EMIT_LOC_STRINGS = YES;
				SWIFT_VERSION = 5.0;
				TARGETED_DEVICE_FAMILY = "1,2";
			};
			name = Debug;
		};
		E90694272DC8634100324117 /* Release */ = {
			isa = XCBuildConfiguration;
			baseConfigurationReference = E9B05E3F2DE53B6C00654291 /* Release.xcconfig */;
			buildSettings = {
				ASSETCATALOG_COMPILER_APPICON_NAME = "AppIcon 1";
				ASSETCATALOG_COMPILER_GLOBAL_ACCENT_COLOR_NAME = AccentColor;
				CODE_SIGN_ENTITLEMENTS = ResFinder/ResFinder.entitlements;
				CODE_SIGN_STYLE = Automatic;
				CURRENT_PROJECT_VERSION = 1;
				DEVELOPMENT_ASSET_PATHS = "\"ResFinder/Preview Content\"";
				DEVELOPMENT_TEAM = 767Z953J7F;
				ENABLE_PREVIEWS = YES;
				GENERATE_INFOPLIST_FILE = YES;
				INFOPLIST_FILE = ResFinder/Info.plist;
				INFOPLIST_KEY_UIApplicationSceneManifest_Generation = YES;
				INFOPLIST_KEY_UIApplicationSupportsIndirectInputEvents = YES;
				INFOPLIST_KEY_UILaunchScreen_Generation = YES;
				INFOPLIST_KEY_UISupportedInterfaceOrientations_iPad = "UIInterfaceOrientationPortrait UIInterfaceOrientationPortraitUpsideDown UIInterfaceOrientationLandscapeLeft UIInterfaceOrientationLandscapeRight";
				INFOPLIST_KEY_UISupportedInterfaceOrientations_iPhone = "UIInterfaceOrientationPortrait UIInterfaceOrientationLandscapeLeft UIInterfaceOrientationLandscapeRight";
				IPHONEOS_DEPLOYMENT_TARGET = 17.6;
				LD_RUNPATH_SEARCH_PATHS = (
					"$(inherited)",
					"@executable_path/Frameworks",
				);
				MARKETING_VERSION = 1.0;
				OPENROUTER_KEY = "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";
				"OTHER_SWIFT_FLAGS[arch=*]" = "-enable-experimental-feature AccessLevelOnImport";
				PRODUCT_BUNDLE_IDENTIFIER = com.emailrun2.ResFinder;
				PRODUCT_NAME = "$(TARGET_NAME)";
				SWIFT_EMIT_LOC_STRINGS = YES;
				SWIFT_VERSION = 5.0;
				TARGETED_DEVICE_FAMILY = "1,2";
			};
			name = Release;
		};
		E90694292DC8634100324117 /* Debug */ = {
			isa = XCBuildConfiguration;
			buildSettings = {
				ALWAYS_EMBED_SWIFT_STANDARD_LIBRARIES = YES;
				BUNDLE_LOADER = "$(TEST_HOST)";
				CODE_SIGN_STYLE = Automatic;
				CURRENT_PROJECT_VERSION = 1;
				DEVELOPMENT_TEAM = 767Z953J7F;
				GENERATE_INFOPLIST_FILE = YES;
				IPHONEOS_DEPLOYMENT_TARGET = 17.2;
				MARKETING_VERSION = 1.0;
				PRODUCT_BUNDLE_IDENTIFIER = com.manasTosh.ResFinderTests;
				PRODUCT_NAME = "$(TARGET_NAME)";
				SWIFT_EMIT_LOC_STRINGS = NO;
				SWIFT_VERSION = 5.0;
				TARGETED_DEVICE_FAMILY = "1,2";
				TEST_HOST = "$(BUILT_PRODUCTS_DIR)/ResFinder.app/$(BUNDLE_EXECUTABLE_FOLDER_PATH)/ResFinder";
			};
			name = Debug;
		};
		E906942A2DC8634100324117 /* Release */ = {
			isa = XCBuildConfiguration;
			buildSettings = {
				ALWAYS_EMBED_SWIFT_STANDARD_LIBRARIES = YES;
				BUNDLE_LOADER = "$(TEST_HOST)";
				CODE_SIGN_STYLE = Automatic;
				CURRENT_PROJECT_VERSION = 1;
				DEVELOPMENT_TEAM = 767Z953J7F;
				GENERATE_INFOPLIST_FILE = YES;
				IPHONEOS_DEPLOYMENT_TARGET = 17.2;
				MARKETING_VERSION = 1.0;
				PRODUCT_BUNDLE_IDENTIFIER = com.manasTosh.ResFinderTests;
				PRODUCT_NAME = "$(TARGET_NAME)";
				SWIFT_EMIT_LOC_STRINGS = NO;
				SWIFT_VERSION = 5.0;
				TARGETED_DEVICE_FAMILY = "1,2";
				TEST_HOST = "$(BUILT_PRODUCTS_DIR)/ResFinder.app/$(BUNDLE_EXECUTABLE_FOLDER_PATH)/ResFinder";
			};
			name = Release;
		};
		E906942C2DC8634100324117 /* Debug */ = {
			isa = XCBuildConfiguration;
			buildSettings = {
				ALWAYS_EMBED_SWIFT_STANDARD_LIBRARIES = YES;
				CODE_SIGN_STYLE = Automatic;
				CURRENT_PROJECT_VERSION = 1;
				DEVELOPMENT_TEAM = 767Z953J7F;
				GENERATE_INFOPLIST_FILE = YES;
				MARKETING_VERSION = 1.0;
				PRODUCT_BUNDLE_IDENTIFIER = com.manasTosh.ResFinderUITests;
				PRODUCT_NAME = "$(TARGET_NAME)";
				SWIFT_EMIT_LOC_STRINGS = NO;
				SWIFT_VERSION = 5.0;
				TARGETED_DEVICE_FAMILY = "1,2";
				TEST_TARGET_NAME = ResFinder;
			};
			name = Debug;
		};
		E906942D2DC8634100324117 /* Release */ = {
			isa = XCBuildConfiguration;
			buildSettings = {
				ALWAYS_EMBED_SWIFT_STANDARD_LIBRARIES = YES;
				CODE_SIGN_STYLE = Automatic;
				CURRENT_PROJECT_VERSION = 1;
				DEVELOPMENT_TEAM = 767Z953J7F;
				GENERATE_INFOPLIST_FILE = YES;
				MARKETING_VERSION = 1.0;
				PRODUCT_BUNDLE_IDENTIFIER = com.manasTosh.ResFinderUITests;
				PRODUCT_NAME = "$(TARGET_NAME)";
				SWIFT_EMIT_LOC_STRINGS = NO;
				SWIFT_VERSION = 5.0;
				TARGETED_DEVICE_FAMILY = "1,2";
				TEST_TARGET_NAME = ResFinder;
			};
			name = Release;
		};
/* End XCBuildConfiguration section */

/* Begin XCConfigurationList section */
		E90693FC2DC8633F00324117 /* Build configuration list for PBXProject "ResFinder" */ = {
			isa = XCConfigurationList;
			buildConfigurations = (
				E90694232DC8634100324117 /* Debug */,
				E90694242DC8634100324117 /* Release */,
			);
			defaultConfigurationIsVisible = 0;
			defaultConfigurationName = Release;
		};
		E90694252DC8634100324117 /* Build configuration list for PBXNativeTarget "ResFinder" */ = {
			isa = XCConfigurationList;
			buildConfigurations = (
				E90694262DC8634100324117 /* Debug */,
				E90694272DC8634100324117 /* Release */,
			);
			defaultConfigurationIsVisible = 0;
			defaultConfigurationName = Release;
		};
		E90694282DC8634100324117 /* Build configuration list for PBXNativeTarget "ResFinderTests" */ = {
			isa = XCConfigurationList;
			buildConfigurations = (
				E90694292DC8634100324117 /* Debug */,
				E906942A2DC8634100324117 /* Release */,
			);
			defaultConfigurationIsVisible = 0;
			defaultConfigurationName = Release;
		};
		E906942B2DC8634100324117 /* Build configuration list for PBXNativeTarget "ResFinderUITests" */ = {
			isa = XCConfigurationList;
			buildConfigurations = (
				E906942C2DC8634100324117 /* Debug */,
				E906942D2DC8634100324117 /* Release */,
			);
			defaultConfigurationIsVisible = 0;
			defaultConfigurationName = Release;
		};
/* End XCConfigurationList section */

/* Begin XCRemoteSwiftPackageReference section */
		369618582DD017E3004986F4 /* XCRemoteSwiftPackageReference "firebase-ios-sdk" */ = {
			isa = XCRemoteSwiftPackageReference;
			repositoryURL = "https://github.com/firebase/firebase-ios-sdk.git";
			requirement = {
				kind = upToNextMajorVersion;
				minimumVersion = 11.12.0;
			};
		};
/* End XCRemoteSwiftPackageReference section */

/* Begin XCSwiftPackageProductDependency section */
		369618592DD017E3004986F4 /* FirebaseAuth */ = {
			isa = XCSwiftPackageProductDependency;
			package = 369618582DD017E3004986F4 /* XCRemoteSwiftPackageReference "firebase-ios-sdk" */;
			productName = FirebaseAuth;
		};
		3696185B2DD017E3004986F4 /* FirebaseFirestore */ = {
			isa = XCSwiftPackageProductDependency;
			package = 369618582DD017E3004986F4 /* XCRemoteSwiftPackageReference "firebase-ios-sdk" */;
			productName = FirebaseFirestore;
		};
/* End XCSwiftPackageProductDependency section */
	};
	rootObject = E90693F92DC8633F00324117 /* Project object */;
}
